
Microsoft Visual Studio Solution File, Format Version 12.00
# Visual Studio Version 17
VisualStudioVersion = 17.13.35913.81
MinimumVisualStudioVersion = 10.0.40219.1
Project("{FAE04EC0-301F-11D3-BF4B-00C04F79EFBC}") = "PdfCompressor", "PdfCompressor\PdfCompressor.csproj", "{95912FB6-E0D4-40AD-B155-5D54A816C831}"
EndProject
Global
	GlobalSection(SolutionConfigurationPlatforms) = preSolution
		Debug|Any CPU = Debug|Any CPU
		Release|Any CPU = Release|Any CPU
	EndGlobalSection
	GlobalSection(ProjectConfigurationPlatforms) = postSolution
		{95912FB6-E0D4-40AD-B155-5D54A816C831}.Debug|Any CPU.ActiveCfg = Debug|Any CPU
		{95912FB6-E0D4-40AD-B155-5D54A816C831}.Debug|Any CPU.Build.0 = Debug|Any CPU
		{95912FB6-E0D4-40AD-B155-5D54A816C831}.Release|Any CPU.ActiveCfg = Release|Any CPU
		{95912FB6-E0D4-40AD-B155-5D54A816C831}.Release|Any CPU.Build.0 = Release|Any CPU
	EndGlobalSection
	GlobalSection(SolutionProperties) = preSolution
		HideSolutionNode = FALSE
	EndGlobalSection
	GlobalSection(ExtensibilityGlobals) = postSolution
		SolutionGuid = {5C922EE1-EFDF-404C-AD46-9C5D5389C272}
	EndGlobalSection
EndGlobal
